# generated by rye
# use `rye lock` or `rye sync` to update this lockfile
#
# last locked with the following flags:
#   pre: false
#   features: []
#   all-features: false
#   with-sources: false

-e file:.
certifi==2024.2.2
    # via requests
charset-normalizer==3.3.2
    # via requests
contourpy==1.2.0
    # via matplotlib
cycler==0.12.1
    # via matplotlib
filelock==3.13.1
    # via huggingface-hub
    # via torch
    # via transformers
fonttools==4.49.0
    # via matplotlib
fsspec==2024.2.0
    # via huggingface-hub
    # via torch
huggingface-hub==0.20.3
    # via tokenizers
    # via transformers
idna==3.6
    # via requests
jinja2==3.1.3
    # via torch
joblib==1.3.2
    # via pynndescent
    # via scikit-learn
kiwisolver==1.4.5
    # via matplotlib
llvmlite==0.42.0
    # via numba
    # via pynndescent
markupsafe==2.1.5
    # via jinja2
matplotlib==3.8.3
    # via genai-workshop
mpmath==1.3.0
    # via sympy
networkx==3.2.1
    # via torch
numba==0.59.0
    # via pynndescent
    # via umap-learn
numpy==1.26.4
    # via contourpy
    # via matplotlib
    # via numba
    # via scikit-learn
    # via scipy
    # via transformers
    # via umap-learn
packaging==23.2
    # via huggingface-hub
    # via matplotlib
    # via transformers
pillow==10.2.0
    # via matplotlib
pynndescent==0.5.11
    # via umap-learn
pyparsing==3.1.1
    # via matplotlib
python-dateutil==2.8.2
    # via matplotlib
pyyaml==6.0.1
    # via huggingface-hub
    # via transformers
regex==2023.12.25
    # via transformers
requests==2.31.0
    # via huggingface-hub
    # via transformers
safetensors==0.4.2
    # via transformers
scikit-learn==1.4.1.post1
    # via pynndescent
    # via umap-learn
scipy==1.12.0
    # via pynndescent
    # via scikit-learn
    # via umap-learn
six==1.16.0
    # via python-dateutil
sympy==1.12
    # via torch
threadpoolctl==3.3.0
    # via scikit-learn
tokenizers==0.15.2
    # via transformers
torch==2.2.0
    # via genai-workshop
tqdm==4.66.2
    # via huggingface-hub
    # via transformers
    # via umap-learn
transformers==4.37.2
    # via genai-workshop
typing-extensions==4.9.0
    # via huggingface-hub
    # via torch
umap-learn==0.5.5
    # via genai-workshop
urllib3==2.2.1
    # via requests
